{
  "originHash" : "6d3a1ef506f2f2f62b8e207b6a34f0f5debcd46b8a5c223c1b777646d0f0fde8",
  "pins" : [
    {
      "identity" : "sparkle",
      "kind" : "remoteSourceControl",
      "location" : "https://github.com/sparkle-project/Sparkle",
      "state" : {
        "revision" : "eef1a539a373c1f1a320624b1130fc5de7b2e100",
        "version" : "2.10.0"
      }
    },
    {
      "identity" : "swift-sodium",
      "kind" : "remoteSourceControl",
      "location" : "https://github.com/jedisct1/swift-sodium.git",
      "state" : {
        "revision" : "cfd195c76882aa9b997560ca7cb95d72fbf5db00",
        "version" : "0.11.0"
      }
    }
  ],
  "version" : 3
}
